// !$*UTF8*$!
{
	archiveVersion = 1;
	classes = {
	};
	objectVersion = 70;
	objects = {

/* Begin PBXBuildFile section */
		B31E240F2CA1468600424C55 /* Algorithms.swift in Sources */ = {isa = PBXBuildFile; fileRef = B31E240E2CA1468200424C55 /* Algorithms.swift */; };
		B3231F6A2CA33CDA00B37C4D /* HabitDayStatus.swift in Sources */ = {isa = PBXBuildFile; fileRef = B3231F692CA33CCC00B37C4D /* HabitDayStatus.swift */; };
		B3231F782CA3C65800B37C4D /* HabitDetailsSelectYear.swift in Sources */ = {isa = PBXBuildFile; fileRef = B3231F772CA3C64F00B37C4D /* HabitDetailsSelectYear.swift */; };
		B3B38AB32C9D5E580037D58E /* HabitIcon.swift in Sources */ = {isa = PBXBuildFile; fileRef = B3B38AB22C9D5E540037D58E /* HabitIcon.swift */; };
		B3B38AB52C9EB6210037D58E /* HabitReminder.swift in Sources */ = {isa = PBXBuildFile; fileRef = B3B38AB42C9EB61D0037D58E /* HabitReminder.swift */; };
		B3B38AB72C9EB79B0037D58E /* HabitReminderRecord.swift in Sources */ = {isa = PBXBuildFile; fileRef = B3B38AB62C9EB7940037D58E /* HabitReminderRecord.swift */; };
		B3B38AB92C9EB9040037D58E /* HabitReminderModel.swift in Sources */ = {isa = PBXBuildFile; fileRef = B3B38AB82C9EB8FF0037D58E /* HabitReminderModel.swift */; };
		B3B38ABB2CA038ED0037D58E /* ArchivedHabits.swift in Sources */ = {isa = PBXBuildFile; fileRef = B3B38ABA2CA038E50037D58E /* ArchivedHabits.swift */; };
		B3B38ABD2CA046530037D58E /* ReminderNotification.swift in Sources */ = {isa = PBXBuildFile; fileRef = B3B38ABC2CA0464D0037D58E /* ReminderNotification.swift */; };
		B3B38ABF2CA048710037D58E /* ReminderNotificationRecord.swift in Sources */ = {isa = PBXBuildFile; fileRef = B3B38ABE2CA048690037D58E /* ReminderNotificationRecord.swift */; };
		B3B38AC12CA04D480037D58E /* ReminderNotificationModel.swift in Sources */ = {isa = PBXBuildFile; fileRef = B3B38AC02CA04D400037D58E /* ReminderNotificationModel.swift */; };
		B3D3C7D92C972089005D28E1 /* eachdayApp.swift in Sources */ = {isa = PBXBuildFile; fileRef = B3D3C7D82C972089005D28E1 /* eachdayApp.swift */; };
		B3D3C7DD2C97208A005D28E1 /* Assets.xcassets in Resources */ = {isa = PBXBuildFile; fileRef = B3D3C7DC2C97208A005D28E1 /* Assets.xcassets */; };
		B3D3C7EA2C97209D005D28E1 /* Database.swift in Sources */ = {isa = PBXBuildFile; fileRef = B3D3C7E62C97209D005D28E1 /* Database.swift */; };
		B3D3C7EB2C97209D005D28E1 /* Database+Migrator.swift in Sources */ = {isa = PBXBuildFile; fileRef = B3D3C7E72C97209D005D28E1 /* Database+Migrator.swift */; };
		B3D3C7EC2C97209D005D28E1 /* Database+Persistence.swift in Sources */ = {isa = PBXBuildFile; fileRef = B3D3C7E82C97209D005D28E1 /* Database+Persistence.swift */; };
		B3D3C8092C9720A4005D28E1 /* HabitGroupItemModel.swift in Sources */ = {isa = PBXBuildFile; fileRef = B3D3C7ED2C9720A4005D28E1 /* HabitGroupItemModel.swift */; };
		B3D3C80A2C9720A4005D28E1 /* HabitGroupModel.swift in Sources */ = {isa = PBXBuildFile; fileRef = B3D3C7EE2C9720A4005D28E1 /* HabitGroupModel.swift */; };
		B3D3C80B2C9720A4005D28E1 /* HabitModel.swift in Sources */ = {isa = PBXBuildFile; fileRef = B3D3C7EF2C9720A4005D28E1 /* HabitModel.swift */; };
		B3D3C80C2C9720A4005D28E1 /* HabitTaskModel.swift in Sources */ = {isa = PBXBuildFile; fileRef = B3D3C7F02C9720A4005D28E1 /* HabitTaskModel.swift */; };
		B3D3C80D2C9720A4005D28E1 /* Model.swift in Sources */ = {isa = PBXBuildFile; fileRef = B3D3C7F12C9720A4005D28E1 /* Model.swift */; };
		B3D3C80E2C9720A4005D28E1 /* TaskCompletionModel.swift in Sources */ = {isa = PBXBuildFile; fileRef = B3D3C7F22C9720A4005D28E1 /* TaskCompletionModel.swift */; };
		B3D3C80F2C9720A4005D28E1 /* Habit.swift in Sources */ = {isa = PBXBuildFile; fileRef = B3D3C7F42C9720A4005D28E1 /* Habit.swift */; };
		B3D3C8102C9720A4005D28E1 /* HabitGroup.swift in Sources */ = {isa = PBXBuildFile; fileRef = B3D3C7F52C9720A4005D28E1 /* HabitGroup.swift */; };
		B3D3C8112C9720A4005D28E1 /* HabitGroupItem.swift in Sources */ = {isa = PBXBuildFile; fileRef = B3D3C7F62C9720A4005D28E1 /* HabitGroupItem.swift */; };
		B3D3C8122C9720A4005D28E1 /* HabitTask.swift in Sources */ = {isa = PBXBuildFile; fileRef = B3D3C7F72C9720A4005D28E1 /* HabitTask.swift */; };
		B3D3C8132C9720A4005D28E1 /* TaskCompletion.swift in Sources */ = {isa = PBXBuildFile; fileRef = B3D3C7F82C9720A4005D28E1 /* TaskCompletion.swift */; };
		B3D3C8142C9720A4005D28E1 /* HabitGroupItemRecord.swift in Sources */ = {isa = PBXBuildFile; fileRef = B3D3C7FA2C9720A4005D28E1 /* HabitGroupItemRecord.swift */; };
		B3D3C8152C9720A4005D28E1 /* HabitGroupRecord.swift in Sources */ = {isa = PBXBuildFile; fileRef = B3D3C7FB2C9720A4005D28E1 /* HabitGroupRecord.swift */; };
		B3D3C8162C9720A4005D28E1 /* HabitRecord.swift in Sources */ = {isa = PBXBuildFile; fileRef = B3D3C7FC2C9720A4005D28E1 /* HabitRecord.swift */; };
		B3D3C8172C9720A4005D28E1 /* HabitTaskRecord.swift in Sources */ = {isa = PBXBuildFile; fileRef = B3D3C7FD2C9720A4005D28E1 /* HabitTaskRecord.swift */; };
		B3D3C8182C9720A4005D28E1 /* TaskCompletionRecord.swift in Sources */ = {isa = PBXBuildFile; fileRef = B3D3C7FE2C9720A4005D28E1 /* TaskCompletionRecord.swift */; };
		B3D3C81B2C9720A4005D28E1 /* HabitColor.swift in Sources */ = {isa = PBXBuildFile; fileRef = B3D3C8022C9720A4005D28E1 /* HabitColor.swift */; };
		B3D3C81C2C9720A4005D28E1 /* FP.swift in Sources */ = {isa = PBXBuildFile; fileRef = B3D3C8032C9720A4005D28E1 /* FP.swift */; };
		B3D3C81D2C9720A4005D28E1 /* Frequency.swift in Sources */ = {isa = PBXBuildFile; fileRef = B3D3C8042C9720A4005D28E1 /* Frequency.swift */; };
		B3D3C81E2C9720A4005D28E1 /* SortOrder.swift in Sources */ = {isa = PBXBuildFile; fileRef = B3D3C8052C9720A4005D28E1 /* SortOrder.swift */; };
		B3D3C81F2C9720A4005D28E1 /* ModelGraph.swift in Sources */ = {isa = PBXBuildFile; fileRef = B3D3C8072C9720A4005D28E1 /* ModelGraph.swift */; };
		B3D3C8502C9720AA005D28E1 /* AppHabitCardCalendar.swift in Sources */ = {isa = PBXBuildFile; fileRef = B3D3C8202C9720AA005D28E1 /* AppHabitCardCalendar.swift */; };
		B3D3C8512C9720AA005D28E1 /* AppHabitCardContextMenu.swift in Sources */ = {isa = PBXBuildFile; fileRef = B3D3C8212C9720AA005D28E1 /* AppHabitCardContextMenu.swift */; };
		B3D3C8522C9720AA005D28E1 /* AppHabitCardHeader.swift in Sources */ = {isa = PBXBuildFile; fileRef = B3D3C8222C9720AA005D28E1 /* AppHabitCardHeader.swift */; };
		B3D3C8532C9720AA005D28E1 /* AppHabitCard.swift in Sources */ = {isa = PBXBuildFile; fileRef = B3D3C8242C9720AA005D28E1 /* AppHabitCard.swift */; };
		B3D3C8552C9720AA005D28E1 /* AppUtils.swift in Sources */ = {isa = PBXBuildFile; fileRef = B3D3C8262C9720AA005D28E1 /* AppUtils.swift */; };
		B3D3C8562C9720AA005D28E1 /* EditHabitSectionChecklist.swift in Sources */ = {isa = PBXBuildFile; fileRef = B3D3C8282C9720AA005D28E1 /* EditHabitSectionChecklist.swift */; };
		B3D3C8572C9720AA005D28E1 /* EditHabitSectionColor.swift in Sources */ = {isa = PBXBuildFile; fileRef = B3D3C8292C9720AA005D28E1 /* EditHabitSectionColor.swift */; };
		B3D3C8582C9720AA005D28E1 /* EditHabitSectionGoal.swift in Sources */ = {isa = PBXBuildFile; fileRef = B3D3C82A2C9720AA005D28E1 /* EditHabitSectionGoal.swift */; };
		B3D3C8592C9720AA005D28E1 /* EditHabitSectionHabit.swift in Sources */ = {isa = PBXBuildFile; fileRef = B3D3C82B2C9720AA005D28E1 /* EditHabitSectionHabit.swift */; };
		B3D3C85A2C9720AA005D28E1 /* EditHabitSelectFrequency.swift in Sources */ = {isa = PBXBuildFile; fileRef = B3D3C82D2C9720AA005D28E1 /* EditHabitSelectFrequency.swift */; };
		B3D3C85B2C9720AA005D28E1 /* EditHabitSelectGroup.swift in Sources */ = {isa = PBXBuildFile; fileRef = B3D3C82E2C9720AA005D28E1 /* EditHabitSelectGroup.swift */; };
		B3D3C85C2C9720AA005D28E1 /* EditHabitSelectIcon.swift in Sources */ = {isa = PBXBuildFile; fileRef = B3D3C82F2C9720AA005D28E1 /* EditHabitSelectIcon.swift */; };
		B3D3C85D2C9720AA005D28E1 /* EditHabitSetReminders.swift in Sources */ = {isa = PBXBuildFile; fileRef = B3D3C8302C9720AA005D28E1 /* EditHabitSetReminders.swift */; };
		B3D3C85E2C9720AA005D28E1 /* EditHabitUtils.swift in Sources */ = {isa = PBXBuildFile; fileRef = B3D3C8312C9720AA005D28E1 /* EditHabitUtils.swift */; };
		B3D3C8662C9720AA005D28E1 /* HabitDetailsCalendar.swift in Sources */ = {isa = PBXBuildFile; fileRef = B3D3C83D2C9720AA005D28E1 /* HabitDetailsCalendar.swift */; };
		B3D3C8672C9720AA005D28E1 /* HabitDetailsCard.swift in Sources */ = {isa = PBXBuildFile; fileRef = B3D3C83E2C9720AA005D28E1 /* HabitDetailsCard.swift */; };
		B3D3C8682C9720AA005D28E1 /* HabitDetailsCompletionCount.swift in Sources */ = {isa = PBXBuildFile; fileRef = B3D3C83F2C9720AA005D28E1 /* HabitDetailsCompletionCount.swift */; };
		B3D3C8692C9720AA005D28E1 /* HabitDetailsStreaks.swift in Sources */ = {isa = PBXBuildFile; fileRef = B3D3C8402C9720AA005D28E1 /* HabitDetailsStreaks.swift */; };
		B3D3C86A2C9720AA005D28E1 /* HabitDetailsUtils.swift in Sources */ = {isa = PBXBuildFile; fileRef = B3D3C8412C9720AA005D28E1 /* HabitDetailsUtils.swift */; };
		B3D3C86B2C9720AA005D28E1 /* EditHabitHistory.swift in Sources */ = {isa = PBXBuildFile; fileRef = B3D3C8432C9720AA005D28E1 /* EditHabitHistory.swift */; };
		B3D3C86C2C9720AA005D28E1 /* AppGroupFilters.swift in Sources */ = {isa = PBXBuildFile; fileRef = B3D3C8442C9720AA005D28E1 /* AppGroupFilters.swift */; };
		B3D3C86D2C9720AA005D28E1 /* HabitMonthGrid.swift in Sources */ = {isa = PBXBuildFile; fileRef = B3D3C8452C9720AA005D28E1 /* HabitMonthGrid.swift */; };
		B3D3C86E2C9720AA005D28E1 /* MarkHabitButton.swift in Sources */ = {isa = PBXBuildFile; fileRef = B3D3C8462C9720AA005D28E1 /* MarkHabitButton.swift */; };
		B3D3C86F2C9720AA005D28E1 /* AppView.swift in Sources */ = {isa = PBXBuildFile; fileRef = B3D3C8482C9720AA005D28E1 /* AppView.swift */; };
		B3D3C8722C9720AA005D28E1 /* EditHabitOrderView.swift in Sources */ = {isa = PBXBuildFile; fileRef = B3D3C84B2C9720AA005D28E1 /* EditHabitOrderView.swift */; };
		B3D3C8732C9720AA005D28E1 /* EditHabitView.swift in Sources */ = {isa = PBXBuildFile; fileRef = B3D3C84C2C9720AA005D28E1 /* EditHabitView.swift */; };
		B3D3C8742C9720AA005D28E1 /* HabitDetailsView.swift in Sources */ = {isa = PBXBuildFile; fileRef = B3D3C84D2C9720AA005D28E1 /* HabitDetailsView.swift */; };
		B3D3C8752C9720AA005D28E1 /* ProfileView.swift in Sources */ = {isa = PBXBuildFile; fileRef = B3D3C84E2C9720AA005D28E1 /* ProfileView.swift */; };
		B3D3C8782C9721B6005D28E1 /* GRDB in Frameworks */ = {isa = PBXBuildFile; productRef = B3D3C8772C9721B6005D28E1 /* GRDB */; };
		B3D3C87B2C9721CB005D28E1 /* HorizonCalendar in Frameworks */ = {isa = PBXBuildFile; productRef = B3D3C87A2C9721CB005D28E1 /* HorizonCalendar */; };
		B3D3C8802C9A9D3B005D28E1 /* ProfileSectionGeneral.swift in Sources */ = {isa = PBXBuildFile; fileRef = B3D3C87F2C9A9D3B005D28E1 /* ProfileSectionGeneral.swift */; };
		B3D3C8822C9A9DAB005D28E1 /* ProfileSectionSettings.swift in Sources */ = {isa = PBXBuildFile; fileRef = B3D3C8812C9A9DAB005D28E1 /* ProfileSectionSettings.swift */; };
		B3D3C8842C9A9DED005D28E1 /* ProfileSectionApp.swift in Sources */ = {isa = PBXBuildFile; fileRef = B3D3C8832C9A9DED005D28E1 /* ProfileSectionApp.swift */; };
		B3D3C8872C9ACC8C005D28E1 /* ProfileUtils.swift in Sources */ = {isa = PBXBuildFile; fileRef = B3D3C8862C9ACC8C005D28E1 /* ProfileUtils.swift */; };
		B3D3C8892C9AF6D8005D28E1 /* EditHabitOrderHabits.swift in Sources */ = {isa = PBXBuildFile; fileRef = B3D3C8882C9AF6D8005D28E1 /* EditHabitOrderHabits.swift */; };
		B3D3C88B2C9AF6EA005D28E1 /* EditHabitOrderGroups.swift in Sources */ = {isa = PBXBuildFile; fileRef = B3D3C88A2C9AF6EA005D28E1 /* EditHabitOrderGroups.swift */; };
		B3D3C88D2C9B2E24005D28E1 /* Settings.swift in Sources */ = {isa = PBXBuildFile; fileRef = B3D3C88C2C9B2E24005D28E1 /* Settings.swift */; };
		B3D3C88F2C9C6C04005D28E1 /* SettingsRecord.swift in Sources */ = {isa = PBXBuildFile; fileRef = B3D3C88E2C9C6C04005D28E1 /* SettingsRecord.swift */; };
		B3D3C8912C9C79ED005D28E1 /* SettingsModel.swift in Sources */ = {isa = PBXBuildFile; fileRef = B3D3C8902C9C79ED005D28E1 /* SettingsModel.swift */; };
/* End PBXBuildFile section */

/* Begin PBXFileReference section */
		B31E240E2CA1468200424C55 /* Algorithms.swift */ = {isa = PBXFileReference; lastKnownFileType = sourcecode.swift; path = Algorithms.swift; sourceTree = "<group>"; };
		B3231F692CA33CCC00B37C4D /* HabitDayStatus.swift */ = {isa = PBXFileReference; lastKnownFileType = sourcecode.swift; path = HabitDayStatus.swift; sourceTree = "<group>"; };
		B3231F772CA3C64F00B37C4D /* HabitDetailsSelectYear.swift */ = {isa = PBXFileReference; lastKnownFileType = sourcecode.swift; path = HabitDetailsSelectYear.swift; sourceTree = "<group>"; };
		B3B38AB22C9D5E540037D58E /* HabitIcon.swift */ = {isa = PBXFileReference; lastKnownFileType = sourcecode.swift; path = HabitIcon.swift; sourceTree = "<group>"; };
		B3B38AB42C9EB61D0037D58E /* HabitReminder.swift */ = {isa = PBXFileReference; lastKnownFileType = sourcecode.swift; path = HabitReminder.swift; sourceTree = "<group>"; };
		B3B38AB62C9EB7940037D58E /* HabitReminderRecord.swift */ = {isa = PBXFileReference; lastKnownFileType = sourcecode.swift; path = HabitReminderRecord.swift; sourceTree = "<group>"; };
		B3B38AB82C9EB8FF0037D58E /* HabitReminderModel.swift */ = {isa = PBXFileReference; lastKnownFileType = sourcecode.swift; path = HabitReminderModel.swift; sourceTree = "<group>"; };
		B3B38ABA2CA038E50037D58E /* ArchivedHabits.swift */ = {isa = PBXFileReference; lastKnownFileType = sourcecode.swift; path = ArchivedHabits.swift; sourceTree = "<group>"; };
		B3B38ABC2CA0464D0037D58E /* ReminderNotification.swift */ = {isa = PBXFileReference; lastKnownFileType = sourcecode.swift; path = ReminderNotification.swift; sourceTree = "<group>"; };
		B3B38ABE2CA048690037D58E /* ReminderNotificationRecord.swift */ = {isa = PBXFileReference; lastKnownFileType = sourcecode.swift; path = ReminderNotificationRecord.swift; sourceTree = "<group>"; };
		B3B38AC02CA04D400037D58E /* ReminderNotificationModel.swift */ = {isa = PBXFileReference; lastKnownFileType = sourcecode.swift; path = ReminderNotificationModel.swift; sourceTree = "<group>"; };
		B3D3C7D52C972089005D28E1 /* eachday.app */ = {isa = PBXFileReference; explicitFileType = wrapper.application; includeInIndex = 0; path = eachday.app; sourceTree = BUILT_PRODUCTS_DIR; };
		B3D3C7D82C972089005D28E1 /* eachdayApp.swift */ = {isa = PBXFileReference; lastKnownFileType = sourcecode.swift; path = eachdayApp.swift; sourceTree = "<group>"; };
		B3D3C7DC2C97208A005D28E1 /* Assets.xcassets */ = {isa = PBXFileReference; lastKnownFileType = folder.assetcatalog; path = Assets.xcassets; sourceTree = "<group>"; };
		B3D3C7E62C97209D005D28E1 /* Database.swift */ = {isa = PBXFileReference; fileEncoding = 4; lastKnownFileType = sourcecode.swift; path = Database.swift; sourceTree = "<group>"; };
		B3D3C7E72C97209D005D28E1 /* Database+Migrator.swift */ = {isa = PBXFileReference; fileEncoding = 4; lastKnownFileType = sourcecode.swift; path = "Database+Migrator.swift"; sourceTree = "<group>"; };
		B3D3C7E82C97209D005D28E1 /* Database+Persistence.swift */ = {isa = PBXFileReference; fileEncoding = 4; lastKnownFileType = sourcecode.swift; path = "Database+Persistence.swift"; sourceTree = "<group>"; };
		B3D3C7ED2C9720A4005D28E1 /* HabitGroupItemModel.swift */ = {isa = PBXFileReference; fileEncoding = 4; lastKnownFileType = sourcecode.swift; path = HabitGroupItemModel.swift; sourceTree = "<group>"; };
		B3D3C7EE2C9720A4005D28E1 /* HabitGroupModel.swift */ = {isa = PBXFileReference; fileEncoding = 4; lastKnownFileType = sourcecode.swift; path = HabitGroupModel.swift; sourceTree = "<group>"; };
		B3D3C7EF2C9720A4005D28E1 /* HabitModel.swift */ = {isa = PBXFileReference; fileEncoding = 4; lastKnownFileType = sourcecode.swift; path = HabitModel.swift; sourceTree = "<group>"; };
		B3D3C7F02C9720A4005D28E1 /* HabitTaskModel.swift */ = {isa = PBXFileReference; fileEncoding = 4; lastKnownFileType = sourcecode.swift; path = HabitTaskModel.swift; sourceTree = "<group>"; };
		B3D3C7F12C9720A4005D28E1 /* Model.swift */ = {isa = PBXFileReference; fileEncoding = 4; lastKnownFileType = sourcecode.swift; path = Model.swift; sourceTree = "<group>"; };
		B3D3C7F22C9720A4005D28E1 /* TaskCompletionModel.swift */ = {isa = PBXFileReference; fileEncoding = 4; lastKnownFileType = sourcecode.swift; path = TaskCompletionModel.swift; sourceTree = "<group>"; };
		B3D3C7F42C9720A4005D28E1 /* Habit.swift */ = {isa = PBXFileReference; fileEncoding = 4; lastKnownFileType = sourcecode.swift; path = Habit.swift; sourceTree = "<group>"; };
		B3D3C7F52C9720A4005D28E1 /* HabitGroup.swift */ = {isa = PBXFileReference; fileEncoding = 4; lastKnownFileType = sourcecode.swift; path = HabitGroup.swift; sourceTree = "<group>"; };
		B3D3C7F62C9720A4005D28E1 /* HabitGroupItem.swift */ = {isa = PBXFileReference; fileEncoding = 4; lastKnownFileType = sourcecode.swift; path = HabitGroupItem.swift; sourceTree = "<group>"; };
		B3D3C7F72C9720A4005D28E1 /* HabitTask.swift */ = {isa = PBXFileReference; fileEncoding = 4; lastKnownFileType = sourcecode.swift; path = HabitTask.swift; sourceTree = "<group>"; };
		B3D3C7F82C9720A4005D28E1 /* TaskCompletion.swift */ = {isa = PBXFileReference; fileEncoding = 4; lastKnownFileType = sourcecode.swift; path = TaskCompletion.swift; sourceTree = "<group>"; };
		B3D3C7FA2C9720A4005D28E1 /* HabitGroupItemRecord.swift */ = {isa = PBXFileReference; fileEncoding = 4; lastKnownFileType = sourcecode.swift; path = HabitGroupItemRecord.swift; sourceTree = "<group>"; };
		B3D3C7FB2C9720A4005D28E1 /* HabitGroupRecord.swift */ = {isa = PBXFileReference; fileEncoding = 4; lastKnownFileType = sourcecode.swift; path = HabitGroupRecord.swift; sourceTree = "<group>"; };
		B3D3C7FC2C9720A4005D28E1 /* HabitRecord.swift */ = {isa = PBXFileReference; fileEncoding = 4; lastKnownFileType = sourcecode.swift; path = HabitRecord.swift; sourceTree = "<group>"; };
		B3D3C7FD2C9720A4005D28E1 /* HabitTaskRecord.swift */ = {isa = PBXFileReference; fileEncoding = 4; lastKnownFileType = sourcecode.swift; path = HabitTaskRecord.swift; sourceTree = "<group>"; };
		B3D3C7FE2C9720A4005D28E1 /* TaskCompletionRecord.swift */ = {isa = PBXFileReference; fileEncoding = 4; lastKnownFileType = sourcecode.swift; path = TaskCompletionRecord.swift; sourceTree = "<group>"; };
		B3D3C8022C9720A4005D28E1 /* HabitColor.swift */ = {isa = PBXFileReference; fileEncoding = 4; lastKnownFileType = sourcecode.swift; path = HabitColor.swift; sourceTree = "<group>"; };
		B3D3C8032C9720A4005D28E1 /* FP.swift */ = {isa = PBXFileReference; fileEncoding = 4; lastKnownFileType = sourcecode.swift; path = FP.swift; sourceTree = "<group>"; };
		B3D3C8042C9720A4005D28E1 /* Frequency.swift */ = {isa = PBXFileReference; fileEncoding = 4; lastKnownFileType = sourcecode.swift; path = Frequency.swift; sourceTree = "<group>"; };
		B3D3C8052C9720A4005D28E1 /* SortOrder.swift */ = {isa = PBXFileReference; fileEncoding = 4; lastKnownFileType = sourcecode.swift; path = SortOrder.swift; sourceTree = "<group>"; };
		B3D3C8072C9720A4005D28E1 /* ModelGraph.swift */ = {isa = PBXFileReference; fileEncoding = 4; lastKnownFileType = sourcecode.swift; path = ModelGraph.swift; sourceTree = "<group>"; };
		B3D3C8202C9720AA005D28E1 /* AppHabitCardCalendar.swift */ = {isa = PBXFileReference; fileEncoding = 4; lastKnownFileType = sourcecode.swift; path = AppHabitCardCalendar.swift; sourceTree = "<group>"; };
		B3D3C8212C9720AA005D28E1 /* AppHabitCardContextMenu.swift */ = {isa = PBXFileReference; fileEncoding = 4; lastKnownFileType = sourcecode.swift; path = AppHabitCardContextMenu.swift; sourceTree = "<group>"; };
		B3D3C8222C9720AA005D28E1 /* AppHabitCardHeader.swift */ = {isa = PBXFileReference; fileEncoding = 4; lastKnownFileType = sourcecode.swift; path = AppHabitCardHeader.swift; sourceTree = "<group>"; };
		B3D3C8242C9720AA005D28E1 /* AppHabitCard.swift */ = {isa = PBXFileReference; fileEncoding = 4; lastKnownFileType = sourcecode.swift; path = AppHabitCard.swift; sourceTree = "<group>"; };
		B3D3C8262C9720AA005D28E1 /* AppUtils.swift */ = {isa = PBXFileReference; fileEncoding = 4; lastKnownFileType = sourcecode.swift; path = AppUtils.swift; sourceTree = "<group>"; };
		B3D3C8282C9720AA005D28E1 /* EditHabitSectionChecklist.swift */ = {isa = PBXFileReference; fileEncoding = 4; lastKnownFileType = sourcecode.swift; path = EditHabitSectionChecklist.swift; sourceTree = "<group>"; };
		B3D3C8292C9720AA005D28E1 /* EditHabitSectionColor.swift */ = {isa = PBXFileReference; fileEncoding = 4; lastKnownFileType = sourcecode.swift; path = EditHabitSectionColor.swift; sourceTree = "<group>"; };
		B3D3C82A2C9720AA005D28E1 /* EditHabitSectionGoal.swift */ = {isa = PBXFileReference; fileEncoding = 4; lastKnownFileType = sourcecode.swift; path = EditHabitSectionGoal.swift; sourceTree = "<group>"; };
		B3D3C82B2C9720AA005D28E1 /* EditHabitSectionHabit.swift */ = {isa = PBXFileReference; fileEncoding = 4; lastKnownFileType = sourcecode.swift; path = EditHabitSectionHabit.swift; sourceTree = "<group>"; };
		B3D3C82D2C9720AA005D28E1 /* EditHabitSelectFrequency.swift */ = {isa = PBXFileReference; fileEncoding = 4; lastKnownFileType = sourcecode.swift; path = EditHabitSelectFrequency.swift; sourceTree = "<group>"; };
		B3D3C82E2C9720AA005D28E1 /* EditHabitSelectGroup.swift */ = {isa = PBXFileReference; fileEncoding = 4; lastKnownFileType = sourcecode.swift; path = EditHabitSelectGroup.swift; sourceTree = "<group>"; };
		B3D3C82F2C9720AA005D28E1 /* EditHabitSelectIcon.swift */ = {isa = PBXFileReference; fileEncoding = 4; lastKnownFileType = sourcecode.swift; path = EditHabitSelectIcon.swift; sourceTree = "<group>"; };
		B3D3C8302C9720AA005D28E1 /* EditHabitSetReminders.swift */ = {isa = PBXFileReference; fileEncoding = 4; lastKnownFileType = sourcecode.swift; path = EditHabitSetReminders.swift; sourceTree = "<group>"; };
		B3D3C8312C9720AA005D28E1 /* EditHabitUtils.swift */ = {isa = PBXFileReference; fileEncoding = 4; lastKnownFileType = sourcecode.swift; path = EditHabitUtils.swift; sourceTree = "<group>"; };
		B3D3C83D2C9720AA005D28E1 /* HabitDetailsCalendar.swift */ = {isa = PBXFileReference; fileEncoding = 4; lastKnownFileType = sourcecode.swift; path = HabitDetailsCalendar.swift; sourceTree = "<group>"; };
		B3D3C83E2C9720AA005D28E1 /* HabitDetailsCard.swift */ = {isa = PBXFileReference; fileEncoding = 4; lastKnownFileType = sourcecode.swift; path = HabitDetailsCard.swift; sourceTree = "<group>"; };
		B3D3C83F2C9720AA005D28E1 /* HabitDetailsCompletionCount.swift */ = {isa = PBXFileReference; fileEncoding = 4; lastKnownFileType = sourcecode.swift; path = HabitDetailsCompletionCount.swift; sourceTree = "<group>"; };
		B3D3C8402C9720AA005D28E1 /* HabitDetailsStreaks.swift */ = {isa = PBXFileReference; fileEncoding = 4; lastKnownFileType = sourcecode.swift; path = HabitDetailsStreaks.swift; sourceTree = "<group>"; };
		B3D3C8412C9720AA005D28E1 /* HabitDetailsUtils.swift */ = {isa = PBXFileReference; fileEncoding = 4; lastKnownFileType = sourcecode.swift; path = HabitDetailsUtils.swift; sourceTree = "<group>"; };
		B3D3C8432C9720AA005D28E1 /* EditHabitHistory.swift */ = {isa = PBXFileReference; fileEncoding = 4; lastKnownFileType = sourcecode.swift; path = EditHabitHistory.swift; sourceTree = "<group>"; };
		B3D3C8442C9720AA005D28E1 /* AppGroupFilters.swift */ = {isa = PBXFileReference; fileEncoding = 4; lastKnownFileType = sourcecode.swift; path = AppGroupFilters.swift; sourceTree = "<group>"; };
		B3D3C8452C9720AA005D28E1 /* HabitMonthGrid.swift */ = {isa = PBXFileReference; fileEncoding = 4; lastKnownFileType = sourcecode.swift; path = HabitMonthGrid.swift; sourceTree = "<group>"; };
		B3D3C8462C9720AA005D28E1 /* MarkHabitButton.swift */ = {isa = PBXFileReference; fileEncoding = 4; lastKnownFileType = sourcecode.swift; path = MarkHabitButton.swift; sourceTree = "<group>"; };
		B3D3C8482C9720AA005D28E1 /* AppView.swift */ = {isa = PBXFileReference; fileEncoding = 4; lastKnownFileType = sourcecode.swift; path = AppView.swift; sourceTree = "<group>"; };
		B3D3C84B2C9720AA005D28E1 /* EditHabitOrderView.swift */ = {isa = PBXFileReference; fileEncoding = 4; lastKnownFileType = sourcecode.swift; path = EditHabitOrderView.swift; sourceTree = "<group>"; };
		B3D3C84C2C9720AA005D28E1 /* EditHabitView.swift */ = {isa = PBXFileReference; fileEncoding = 4; lastKnownFileType = sourcecode.swift; path = EditHabitView.swift; sourceTree = "<group>"; };
		B3D3C84D2C9720AA005D28E1 /* HabitDetailsView.swift */ = {isa = PBXFileReference; fileEncoding = 4; lastKnownFileType = sourcecode.swift; path = HabitDetailsView.swift; sourceTree = "<group>"; };
		B3D3C84E2C9720AA005D28E1 /* ProfileView.swift */ = {isa = PBXFileReference; fileEncoding = 4; lastKnownFileType = sourcecode.swift; path = ProfileView.swift; sourceTree = "<group>"; };
		B3D3C87F2C9A9D3B005D28E1 /* ProfileSectionGeneral.swift */ = {isa = PBXFileReference; lastKnownFileType = sourcecode.swift; path = ProfileSectionGeneral.swift; sourceTree = "<group>"; };
		B3D3C8812C9A9DAB005D28E1 /* ProfileSectionSettings.swift */ = {isa = PBXFileReference; lastKnownFileType = sourcecode.swift; path = ProfileSectionSettings.swift; sourceTree = "<group>"; };
		B3D3C8832C9A9DED005D28E1 /* ProfileSectionApp.swift */ = {isa = PBXFileReference; lastKnownFileType = sourcecode.swift; path = ProfileSectionApp.swift; sourceTree = "<group>"; };
		B3D3C8862C9ACC8C005D28E1 /* ProfileUtils.swift */ = {isa = PBXFileReference; lastKnownFileType = sourcecode.swift; path = ProfileUtils.swift; sourceTree = "<group>"; };
		B3D3C8882C9AF6D8005D28E1 /* EditHabitOrderHabits.swift */ = {isa = PBXFileReference; lastKnownFileType = sourcecode.swift; path = EditHabitOrderHabits.swift; sourceTree = "<group>"; };
		B3D3C88A2C9AF6EA005D28E1 /* EditHabitOrderGroups.swift */ = {isa = PBXFileReference; lastKnownFileType = sourcecode.swift; path = EditHabitOrderGroups.swift; sourceTree = "<group>"; };
		B3D3C88C2C9B2E24005D28E1 /* Settings.swift */ = {isa = PBXFileReference; lastKnownFileType = sourcecode.swift; path = Settings.swift; sourceTree = "<group>"; };
		B3D3C88E2C9C6C04005D28E1 /* SettingsRecord.swift */ = {isa = PBXFileReference; lastKnownFileType = sourcecode.swift; path = SettingsRecord.swift; sourceTree = "<group>"; };
		B3D3C8902C9C79ED005D28E1 /* SettingsModel.swift */ = {isa = PBXFileReference; lastKnownFileType = sourcecode.swift; path = SettingsModel.swift; sourceTree = "<group>"; };
/* End PBXFileReference section */

/* Begin PBXFileSystemSynchronizedRootGroup section */
		B31E24102CA1599000424C55 /* Calendar */ = {isa = PBXFileSystemSynchronizedRootGroup; explicitFileTypes = {}; explicitFolders = (); path = Calendar; sourceTree = "<group>"; };
/* End PBXFileSystemSynchronizedRootGroup section */

/* Begin PBXFrameworksBuildPhase section */
		B3D3C7D22C972089005D28E1 /* Frameworks */ = {
			isa = PBXFrameworksBuildPhase;
			buildActionMask = 2147483647;
			files = (
				B3D3C87B2C9721CB005D28E1 /* HorizonCalendar in Frameworks */,
				B3D3C8782C9721B6005D28E1 /* GRDB in Frameworks */,
			);
			runOnlyForDeploymentPostprocessing = 0;
		};
/* End PBXFrameworksBuildPhase section */

/* Begin PBXGroup section */
		B36876372CB3D4ED004C695F /* Store */ = {
			isa = PBXGroup;
			children = (
			);
			path = Store;
			sourceTree = "<group>";
		};
		B36876382CB3DB85004C695F /* Base */ = {
			isa = PBXGroup;
			children = (
				B3D3C7F12C9720A4005D28E1 /* Model.swift */,
			);
			path = Base;
			sourceTree = "<group>";
		};
		B3D3C7CC2C972089005D28E1 = {
			isa = PBXGroup;
			children = (
				B3D3C7D72C972089005D28E1 /* eachday */,
				B3D3C7D62C972089005D28E1 /* Products */,
			);
			sourceTree = "<group>";
		};
		B3D3C7D62C972089005D28E1 /* Products */ = {
			isa = PBXGroup;
			children = (
				B3D3C7D52C972089005D28E1 /* eachday.app */,
			);
			name = Products;
			sourceTree = "<group>";
		};
		B3D3C7D72C972089005D28E1 /* eachday */ = {
			isa = PBXGroup;
			children = (
				B3D3C84F2C9720AA005D28E1 /* Views */,
				B36876372CB3D4ED004C695F /* Store */,
				B3D3C8082C9720A4005D28E1 /* Models */,
				B3D3C7E92C97209D005D28E1 /* Database */,
				B3D3C8062C9720A4005D28E1 /* Utils */,
				B3D3C7DC2C97208A005D28E1 /* Assets.xcassets */,
				B3D3C7D82C972089005D28E1 /* eachdayApp.swift */,
			);
			path = eachday;
			sourceTree = "<group>";
		};
		B3D3C7E92C97209D005D28E1 /* Database */ = {
			isa = PBXGroup;
			children = (
				B3D3C7E62C97209D005D28E1 /* Database.swift */,
				B3D3C7E72C97209D005D28E1 /* Database+Migrator.swift */,
				B3D3C7E82C97209D005D28E1 /* Database+Persistence.swift */,
			);
			path = Database;
			sourceTree = "<group>";
		};
		B3D3C7F92C9720A4005D28E1 /* Protocols */ = {
			isa = PBXGroup;
			children = (
				B3D3C7F42C9720A4005D28E1 /* Habit.swift */,
				B3D3C7F72C9720A4005D28E1 /* HabitTask.swift */,
				B3D3C7F82C9720A4005D28E1 /* TaskCompletion.swift */,
				B3D3C7F52C9720A4005D28E1 /* HabitGroup.swift */,
				B3D3C7F62C9720A4005D28E1 /* HabitGroupItem.swift */,
				B3B38AB42C9EB61D0037D58E /* HabitReminder.swift */,
				B3B38ABC2CA0464D0037D58E /* ReminderNotification.swift */,
				B3D3C88C2C9B2E24005D28E1 /* Settings.swift */,
			);
			path = Protocols;
			sourceTree = "<group>";
		};
		B3D3C7FF2C9720A4005D28E1 /* Records */ = {
			isa = PBXGroup;
			children = (
				B3D3C7FC2C9720A4005D28E1 /* HabitRecord.swift */,
				B3D3C7FD2C9720A4005D28E1 /* HabitTaskRecord.swift */,
				B3D3C7FB2C9720A4005D28E1 /* HabitGroupRecord.swift */,
				B3D3C7FA2C9720A4005D28E1 /* HabitGroupItemRecord.swift */,
				B3D3C7FE2C9720A4005D28E1 /* TaskCompletionRecord.swift */,
				B3B38AB62C9EB7940037D58E /* HabitReminderRecord.swift */,
				B3B38ABE2CA048690037D58E /* ReminderNotificationRecord.swift */,
				B3D3C88E2C9C6C04005D28E1 /* SettingsRecord.swift */,
			);
			path = Records;
			sourceTree = "<group>";
		};
		B3D3C8062C9720A4005D28E1 /* Utils */ = {
			isa = PBXGroup;
			children = (
				B31E24102CA1599000424C55 /* Calendar */,
				B3D3C8032C9720A4005D28E1 /* FP.swift */,
				B31E240E2CA1468200424C55 /* Algorithms.swift */,
				B3B38AB22C9D5E540037D58E /* HabitIcon.swift */,
				B3D3C8022C9720A4005D28E1 /* HabitColor.swift */,
				B3231F692CA33CCC00B37C4D /* HabitDayStatus.swift */,
				B3D3C8042C9720A4005D28E1 /* Frequency.swift */,
				B3D3C8052C9720A4005D28E1 /* SortOrder.swift */,
			);
			path = Utils;
			sourceTree = "<group>";
		};
		B3D3C8082C9720A4005D28E1 /* Models */ = {
			isa = PBXGroup;
			children = (
				B36876382CB3DB85004C695F /* Base */,
				B3D3C7FF2C9720A4005D28E1 /* Records */,
				B3D3C7F92C9720A4005D28E1 /* Protocols */,
				B3D3C7EF2C9720A4005D28E1 /* HabitModel.swift */,
				B3D3C7F02C9720A4005D28E1 /* HabitTaskModel.swift */,
				B3D3C7EE2C9720A4005D28E1 /* HabitGroupModel.swift */,
				B3D3C7ED2C9720A4005D28E1 /* HabitGroupItemModel.swift */,
				B3D3C7F22C9720A4005D28E1 /* TaskCompletionModel.swift */,
				B3B38AB82C9EB8FF0037D58E /* HabitReminderModel.swift */,
				B3B38AC02CA04D400037D58E /* ReminderNotificationModel.swift */,
				B3D3C8902C9C79ED005D28E1 /* SettingsModel.swift */,
				B3D3C8072C9720A4005D28E1 /* ModelGraph.swift */,
			);
			path = Models;
			sourceTree = "<group>";
		};
		B3D3C8232C9720AA005D28E1 /* AppHabitCard */ = {
			isa = PBXGroup;
			children = (
				B3D3C8202C9720AA005D28E1 /* AppHabitCardCalendar.swift */,
				B3D3C8212C9720AA005D28E1 /* AppHabitCardContextMenu.swift */,
				B3D3C8222C9720AA005D28E1 /* AppHabitCardHeader.swift */,
			);
			path = AppHabitCard;
			sourceTree = "<group>";
		};
		B3D3C8272C9720AA005D28E1 /* App */ = {
			isa = PBXGroup;
			children = (
				B3D3C8232C9720AA005D28E1 /* AppHabitCard */,
				B3D3C8442C9720AA005D28E1 /* AppGroupFilters.swift */,
				B3D3C8242C9720AA005D28E1 /* AppHabitCard.swift */,
				B3D3C8262C9720AA005D28E1 /* AppUtils.swift */,
			);
			path = App;
			sourceTree = "<group>";
		};
		B3D3C82C2C9720AA005D28E1 /* EditHabitSection */ = {
			isa = PBXGroup;
			children = (
				B3D3C82B2C9720AA005D28E1 /* EditHabitSectionHabit.swift */,
				B3D3C8282C9720AA005D28E1 /* EditHabitSectionChecklist.swift */,
				B3D3C82A2C9720AA005D28E1 /* EditHabitSectionGoal.swift */,
				B3D3C8292C9720AA005D28E1 /* EditHabitSectionColor.swift */,
			);
			path = EditHabitSection;
			sourceTree = "<group>";
		};
		B3D3C8322C9720AA005D28E1 /* EditHabit */ = {
			isa = PBXGroup;
			children = (
				B3D3C82C2C9720AA005D28E1 /* EditHabitSection */,
				B3D3C82D2C9720AA005D28E1 /* EditHabitSelectFrequency.swift */,
				B3D3C82E2C9720AA005D28E1 /* EditHabitSelectGroup.swift */,
				B3D3C8302C9720AA005D28E1 /* EditHabitSetReminders.swift */,
				B3D3C82F2C9720AA005D28E1 /* EditHabitSelectIcon.swift */,
				B3D3C8312C9720AA005D28E1 /* EditHabitUtils.swift */,
			);
			path = EditHabit;
			sourceTree = "<group>";
		};
		B3D3C83C2C9720AA005D28E1 /* EditHabitOrder */ = {
			isa = PBXGroup;
			children = (
				B3D3C8882C9AF6D8005D28E1 /* EditHabitOrderHabits.swift */,
				B3D3C88A2C9AF6EA005D28E1 /* EditHabitOrderGroups.swift */,
			);
			path = EditHabitOrder;
			sourceTree = "<group>";
		};
		B3D3C8422C9720AA005D28E1 /* HabitDetails */ = {
			isa = PBXGroup;
			children = (
				B3D3C8412C9720AA005D28E1 /* HabitDetailsUtils.swift */,
				B3D3C83E2C9720AA005D28E1 /* HabitDetailsCard.swift */,
				B3231F772CA3C64F00B37C4D /* HabitDetailsSelectYear.swift */,
				B3D3C83D2C9720AA005D28E1 /* HabitDetailsCalendar.swift */,
				B3D3C8402C9720AA005D28E1 /* HabitDetailsStreaks.swift */,
				B3D3C83F2C9720AA005D28E1 /* HabitDetailsCompletionCount.swift */,
			);
			path = HabitDetails;
			sourceTree = "<group>";
		};
		B3D3C8472C9720AA005D28E1 /* Views */ = {
			isa = PBXGroup;
			children = (
				B3B38ABA2CA038E50037D58E /* ArchivedHabits.swift */,
				B3D3C8432C9720AA005D28E1 /* EditHabitHistory.swift */,
				B3D3C8452C9720AA005D28E1 /* HabitMonthGrid.swift */,
				B3D3C8462C9720AA005D28E1 /* MarkHabitButton.swift */,
			);
			path = Views;
			sourceTree = "<group>";
		};
		B3D3C84F2C9720AA005D28E1 /* Views */ = {
			isa = PBXGroup;
			children = (
				B3D3C8472C9720AA005D28E1 /* Views */,
				B3D3C8272C9720AA005D28E1 /* App */,
				B3D3C8482C9720AA005D28E1 /* AppView.swift */,
				B3D3C8322C9720AA005D28E1 /* EditHabit */,
				B3D3C84C2C9720AA005D28E1 /* EditHabitView.swift */,
				B3D3C83C2C9720AA005D28E1 /* EditHabitOrder */,
				B3D3C84B2C9720AA005D28E1 /* EditHabitOrderView.swift */,
				B3D3C8422C9720AA005D28E1 /* HabitDetails */,
				B3D3C84D2C9720AA005D28E1 /* HabitDetailsView.swift */,
				B3D3C87E2C9A9CE3005D28E1 /* Profile */,
				B3D3C84E2C9720AA005D28E1 /* ProfileView.swift */,
			);
			path = Views;
			sourceTree = "<group>";
		};
		B3D3C87E2C9A9CE3005D28E1 /* Profile */ = {
			isa = PBXGroup;
			children = (
				B3D3C8852C9AC5C7005D28E1 /* ProfileSection */,
				B3D3C8862C9ACC8C005D28E1 /* ProfileUtils.swift */,
			);
			path = Profile;
			sourceTree = "<group>";
		};
		B3D3C8852C9AC5C7005D28E1 /* ProfileSection */ = {
			isa = PBXGroup;
			children = (
				B3D3C8832C9A9DED005D28E1 /* ProfileSectionApp.swift */,
				B3D3C8812C9A9DAB005D28E1 /* ProfileSectionSettings.swift */,
				B3D3C87F2C9A9D3B005D28E1 /* ProfileSectionGeneral.swift */,
			);
			path = ProfileSection;
			sourceTree = "<group>";
		};
/* End PBXGroup section */

/* Begin PBXNativeTarget section */
		B3D3C7D42C972089005D28E1 /* eachday */ = {
			isa = PBXNativeTarget;
			buildConfigurationList = B3D3C7E32C97208A005D28E1 /* Build configuration list for PBXNativeTarget "eachday" */;
			buildPhases = (
				B3D3C7D12C972089005D28E1 /* Sources */,
				B3D3C7D22C972089005D28E1 /* Frameworks */,
				B3D3C7D32C972089005D28E1 /* Resources */,
			);
			buildRules = (
			);
			dependencies = (
			);
			fileSystemSynchronizedGroups = (
				B31E24102CA1599000424C55 /* Calendar */,
			);
			name = eachday;
			packageProductDependencies = (
				B3D3C8772C9721B6005D28E1 /* GRDB */,
				B3D3C87A2C9721CB005D28E1 /* HorizonCalendar */,
			);
			productName = eachday;
			productReference = B3D3C7D52C972089005D28E1 /* eachday.app */;
			productType = "com.apple.product-type.application";
		};
/* End PBXNativeTarget section */

/* Begin PBXProject section */
		B3D3C7CD2C972089005D28E1 /* Project object */ = {
			isa = PBXProject;
			attributes = {
				BuildIndependentTargetsInParallel = 1;
				LastSwiftUpdateCheck = 1540;
				LastUpgradeCheck = 1540;
				TargetAttributes = {
					B3D3C7D42C972089005D28E1 = {
						CreatedOnToolsVersion = 15.4;
					};
				};
			};
			buildConfigurationList = B3D3C7D02C972089005D28E1 /* Build configuration list for PBXProject "eachday" */;
			compatibilityVersion = "Xcode 14.0";
			developmentRegion = en;
			hasScannedForEncodings = 0;
			knownRegions = (
				en,
				Base,
			);
			mainGroup = B3D3C7CC2C972089005D28E1;
			packageReferences = (
				B3D3C8762C9721B6005D28E1 /* XCRemoteSwiftPackageReference "GRDB.swift" */,
				B3D3C8792C9721CB005D28E1 /* XCRemoteSwiftPackageReference "HorizonCalendar" */,
			);
			productRefGroup = B3D3C7D62C972089005D28E1 /* Products */;
			projectDirPath = "";
			projectRoot = "";
			targets = (
				B3D3C7D42C972089005D28E1 /* eachday */,
			);
		};
/* End PBXProject section */

/* Begin PBXResourcesBuildPhase section */
		B3D3C7D32C972089005D28E1 /* Resources */ = {
			isa = PBXResourcesBuildPhase;
			buildActionMask = 2147483647;
			files = (
				B3D3C7DD2C97208A005D28E1 /* Assets.xcassets in Resources */,
			);
			runOnlyForDeploymentPostprocessing = 0;
		};
/* End PBXResourcesBuildPhase section */

/* Begin PBXSourcesBuildPhase section */
		B3D3C7D12C972089005D28E1 /* Sources */ = {
			isa = PBXSourcesBuildPhase;
			buildActionMask = 2147483647;
			files = (
				B3D3C85C2C9720AA005D28E1 /* EditHabitSelectIcon.swift in Sources */,
				B3B38AB52C9EB6210037D58E /* HabitReminder.swift in Sources */,
				B3D3C7EA2C97209D005D28E1 /* Database.swift in Sources */,
				B3D3C8092C9720A4005D28E1 /* HabitGroupItemModel.swift in Sources */,
				B3D3C8172C9720A4005D28E1 /* HabitTaskRecord.swift in Sources */,
				B3B38ABD2CA046530037D58E /* ReminderNotification.swift in Sources */,
				B3D3C81E2C9720A4005D28E1 /* SortOrder.swift in Sources */,
				B3D3C8592C9720AA005D28E1 /* EditHabitSectionHabit.swift in Sources */,
				B3D3C86F2C9720AA005D28E1 /* AppView.swift in Sources */,
				B3D3C80C2C9720A4005D28E1 /* HabitTaskModel.swift in Sources */,
				B3D3C7EC2C97209D005D28E1 /* Database+Persistence.swift in Sources */,
				B31E240F2CA1468600424C55 /* Algorithms.swift in Sources */,
				B3D3C86E2C9720AA005D28E1 /* MarkHabitButton.swift in Sources */,
				B3D3C80D2C9720A4005D28E1 /* Model.swift in Sources */,
				B3D3C8522C9720AA005D28E1 /* AppHabitCardHeader.swift in Sources */,
				B3D3C8822C9A9DAB005D28E1 /* ProfileSectionSettings.swift in Sources */,
				B3D3C8722C9720AA005D28E1 /* EditHabitOrderView.swift in Sources */,
				B3D3C80F2C9720A4005D28E1 /* Habit.swift in Sources */,
				B3B38AB92C9EB9040037D58E /* HabitReminderModel.swift in Sources */,
				B3D3C8152C9720A4005D28E1 /* HabitGroupRecord.swift in Sources */,
				B3D3C85A2C9720AA005D28E1 /* EditHabitSelectFrequency.swift in Sources */,
				B3D3C80B2C9720A4005D28E1 /* HabitModel.swift in Sources */,
				B3231F782CA3C65800B37C4D /* HabitDetailsSelectYear.swift in Sources */,
				B3D3C86B2C9720AA005D28E1 /* EditHabitHistory.swift in Sources */,
				B3D3C8752C9720AA005D28E1 /* ProfileView.swift in Sources */,
				B3D3C85D2C9720AA005D28E1 /* EditHabitSetReminders.swift in Sources */,
				B3D3C8102C9720A4005D28E1 /* HabitGroup.swift in Sources */,
				B3B38ABB2CA038ED0037D58E /* ArchivedHabits.swift in Sources */,
				B3B38AB72C9EB79B0037D58E /* HabitReminderRecord.swift in Sources */,
				B3D3C8502C9720AA005D28E1 /* AppHabitCardCalendar.swift in Sources */,
				B3D3C8912C9C79ED005D28E1 /* SettingsModel.swift in Sources */,
				B3D3C8672C9720AA005D28E1 /* HabitDetailsCard.swift in Sources */,
				B3D3C8562C9720AA005D28E1 /* EditHabitSectionChecklist.swift in Sources */,
				B3D3C8842C9A9DED005D28E1 /* ProfileSectionApp.swift in Sources */,
				B3D3C8182C9720A4005D28E1 /* TaskCompletionRecord.swift in Sources */,
				B3D3C88B2C9AF6EA005D28E1 /* EditHabitOrderGroups.swift in Sources */,
				B3D3C8532C9720AA005D28E1 /* AppHabitCard.swift in Sources */,
				B3D3C8662C9720AA005D28E1 /* HabitDetailsCalendar.swift in Sources */,
				B3D3C8892C9AF6D8005D28E1 /* EditHabitOrderHabits.swift in Sources */,
				B3D3C81F2C9720A4005D28E1 /* ModelGraph.swift in Sources */,
				B3D3C8142C9720A4005D28E1 /* HabitGroupItemRecord.swift in Sources */,
				B3D3C7D92C972089005D28E1 /* eachdayApp.swift in Sources */,
				B3D3C8742C9720AA005D28E1 /* HabitDetailsView.swift in Sources */,
				B3B38AC12CA04D480037D58E /* ReminderNotificationModel.swift in Sources */,
				B3B38AB32C9D5E580037D58E /* HabitIcon.swift in Sources */,
				B3D3C8582C9720AA005D28E1 /* EditHabitSectionGoal.swift in Sources */,
				B3B38ABF2CA048710037D58E /* ReminderNotificationRecord.swift in Sources */,
				B3D3C8682C9720AA005D28E1 /* HabitDetailsCompletionCount.swift in Sources */,
				B3D3C80A2C9720A4005D28E1 /* HabitGroupModel.swift in Sources */,
				B3D3C80E2C9720A4005D28E1 /* TaskCompletionModel.swift in Sources */,
				B3D3C86A2C9720AA005D28E1 /* HabitDetailsUtils.swift in Sources */,
				B3D3C88F2C9C6C04005D28E1 /* SettingsRecord.swift in Sources */,
				B3D3C86C2C9720AA005D28E1 /* AppGroupFilters.swift in Sources */,
				B3D3C8552C9720AA005D28E1 /* AppUtils.swift in Sources */,
				B3D3C8162C9720A4005D28E1 /* HabitRecord.swift in Sources */,
				B3D3C8132C9720A4005D28E1 /* TaskCompletion.swift in Sources */,
				B3D3C86D2C9720AA005D28E1 /* HabitMonthGrid.swift in Sources */,
				B3D3C7EB2C97209D005D28E1 /* Database+Migrator.swift in Sources */,
				B3D3C8572C9720AA005D28E1 /* EditHabitSectionColor.swift in Sources */,
				B3D3C85B2C9720AA005D28E1 /* EditHabitSelectGroup.swift in Sources */,
				B3D3C8122C9720A4005D28E1 /* HabitTask.swift in Sources */,
				B3D3C8732C9720AA005D28E1 /* EditHabitView.swift in Sources */,
				B3D3C8112C9720A4005D28E1 /* HabitGroupItem.swift in Sources */,
				B3D3C8802C9A9D3B005D28E1 /* ProfileSectionGeneral.swift in Sources */,
				B3D3C8692C9720AA005D28E1 /* HabitDetailsStreaks.swift in Sources */,
				B3231F6A2CA33CDA00B37C4D /* HabitDayStatus.swift in Sources */,
				B3D3C81C2C9720A4005D28E1 /* FP.swift in Sources */,
				B3D3C85E2C9720AA005D28E1 /* EditHabitUtils.swift in Sources */,
				B3D3C88D2C9B2E24005D28E1 /* Settings.swift in Sources */,
				B3D3C81D2C9720A4005D28E1 /* Frequency.swift in Sources */,
				B3D3C81B2C9720A4005D28E1 /* HabitColor.swift in Sources */,
				B3D3C8512C9720AA005D28E1 /* AppHabitCardContextMenu.swift in Sources */,
				B3D3C8872C9ACC8C005D28E1 /* ProfileUtils.swift in Sources */,
			);
			runOnlyForDeploymentPostprocessing = 0;
		};
/* End PBXSourcesBuildPhase section */

/* Begin XCBuildConfiguration section */
		B3D3C7E12C97208A005D28E1 /* Debug */ = {
			isa = XCBuildConfiguration;
			buildSettings = {
				ALWAYS_SEARCH_USER_PATHS = NO;
				ASSETCATALOG_COMPILER_GENERATE_SWIFT_ASSET_SYMBOL_EXTENSIONS = YES;
				CLANG_ANALYZER_NONNULL = YES;
				CLANG_ANALYZER_NUMBER_OBJECT_CONVERSION = YES_AGGRESSIVE;
				CLANG_CXX_LANGUAGE_STANDARD = "gnu++20";
				CLANG_ENABLE_MODULES = YES;
				CLANG_ENABLE_OBJC_ARC = YES;
				CLANG_ENABLE_OBJC_WEAK = YES;
				CLANG_WARN_BLOCK_CAPTURE_AUTORELEASING = YES;
				CLANG_WARN_BOOL_CONVERSION = YES;
				CLANG_WARN_COMMA = YES;
				CLANG_WARN_CONSTANT_CONVERSION = YES;
				CLANG_WARN_DEPRECATED_OBJC_IMPLEMENTATIONS = YES;
				CLANG_WARN_DIRECT_OBJC_ISA_USAGE = YES_ERROR;
				CLANG_WARN_DOCUMENTATION_COMMENTS = YES;
				CLANG_WARN_EMPTY_BODY = YES;
				CLANG_WARN_ENUM_CONVERSION = YES;
				CLANG_WARN_INFINITE_RECURSION = YES;
				CLANG_WARN_INT_CONVERSION = YES;
				CLANG_WARN_NON_LITERAL_NULL_CONVERSION = YES;
				CLANG_WARN_OBJC_IMPLICIT_RETAIN_SELF = YES;
				CLANG_WARN_OBJC_LITERAL_CONVERSION = YES;
				CLANG_WARN_OBJC_ROOT_CLASS = YES_ERROR;
				CLANG_WARN_QUOTED_INCLUDE_IN_FRAMEWORK_HEADER = YES;
				CLANG_WARN_RANGE_LOOP_ANALYSIS = YES;
				CLANG_WARN_STRICT_PROTOTYPES = YES;
				CLANG_WARN_SUSPICIOUS_MOVE = YES;
				CLANG_WARN_UNGUARDED_AVAILABILITY = YES_AGGRESSIVE;
				CLANG_WARN_UNREACHABLE_CODE = YES;
				CLANG_WARN__DUPLICATE_METHOD_MATCH = YES;
				COPY_PHASE_STRIP = NO;
				DEBUG_INFORMATION_FORMAT = dwarf;
				ENABLE_STRICT_OBJC_MSGSEND = YES;
				ENABLE_TESTABILITY = YES;
				ENABLE_USER_SCRIPT_SANDBOXING = YES;
				GCC_C_LANGUAGE_STANDARD = gnu17;
				GCC_DYNAMIC_NO_PIC = NO;
				GCC_NO_COMMON_BLOCKS = YES;
				GCC_OPTIMIZATION_LEVEL = 0;
				GCC_PREPROCESSOR_DEFINITIONS = (
					"DEBUG=1",
					"$(inherited)",
				);
				GCC_WARN_64_TO_32_BIT_CONVERSION = YES;
				GCC_WARN_ABOUT_RETURN_TYPE = YES_ERROR;
				GCC_WARN_UNDECLARED_SELECTOR = YES;
				GCC_WARN_UNINITIALIZED_AUTOS = YES_AGGRESSIVE;
				GCC_WARN_UNUSED_FUNCTION = YES;
				GCC_WARN_UNUSED_VARIABLE = YES;
				IPHONEOS_DEPLOYMENT_TARGET = 17.0;
				LOCALIZATION_PREFERS_STRING_CATALOGS = YES;
				MTL_ENABLE_DEBUG_INFO = INCLUDE_SOURCE;
				MTL_FAST_MATH = YES;
				ONLY_ACTIVE_ARCH = YES;
				SDKROOT = iphoneos;
				SWIFT_ACTIVE_COMPILATION_CONDITIONS = "DEBUG $(inherited)";
				SWIFT_OPTIMIZATION_LEVEL = "-Onone";
			};
			name = Debug;
		};
		B3D3C7E22C97208A005D28E1 /* Release */ = {
			isa = XCBuildConfiguration;
			buildSettings = {
				ALWAYS_SEARCH_USER_PATHS = NO;
				ASSETCATALOG_COMPILER_GENERATE_SWIFT_ASSET_SYMBOL_EXTENSIONS = YES;
				CLANG_ANALYZER_NONNULL = YES;
				CLANG_ANALYZER_NUMBER_OBJECT_CONVERSION = YES_AGGRESSIVE;
				CLANG_CXX_LANGUAGE_STANDARD = "gnu++20";
				CLANG_ENABLE_MODULES = YES;
				CLANG_ENABLE_OBJC_ARC = YES;
				CLANG_ENABLE_OBJC_WEAK = YES;
				CLANG_WARN_BLOCK_CAPTURE_AUTORELEASING = YES;
				CLANG_WARN_BOOL_CONVERSION = YES;
				CLANG_WARN_COMMA = YES;
				CLANG_WARN_CONSTANT_CONVERSION = YES;
				CLANG_WARN_DEPRECATED_OBJC_IMPLEMENTATIONS = YES;
				CLANG_WARN_DIRECT_OBJC_ISA_USAGE = YES_ERROR;
				CLANG_WARN_DOCUMENTATION_COMMENTS = YES;
				CLANG_WARN_EMPTY_BODY = YES;
				CLANG_WARN_ENUM_CONVERSION = YES;
				CLANG_WARN_INFINITE_RECURSION = YES;
				CLANG_WARN_INT_CONVERSION = YES;
				CLANG_WARN_NON_LITERAL_NULL_CONVERSION = YES;
				CLANG_WARN_OBJC_IMPLICIT_RETAIN_SELF = YES;
				CLANG_WARN_OBJC_LITERAL_CONVERSION = YES;
				CLANG_WARN_OBJC_ROOT_CLASS = YES_ERROR;
				CLANG_WARN_QUOTED_INCLUDE_IN_FRAMEWORK_HEADER = YES;
				CLANG_WARN_RANGE_LOOP_ANALYSIS = YES;
				CLANG_WARN_STRICT_PROTOTYPES = YES;
				CLANG_WARN_SUSPICIOUS_MOVE = YES;
				CLANG_WARN_UNGUARDED_AVAILABILITY = YES_AGGRESSIVE;
				CLANG_WARN_UNREACHABLE_CODE = YES;
				CLANG_WARN__DUPLICATE_METHOD_MATCH = YES;
				COPY_PHASE_STRIP = NO;
				DEBUG_INFORMATION_FORMAT = "dwarf-with-dsym";
				ENABLE_NS_ASSERTIONS = NO;
				ENABLE_STRICT_OBJC_MSGSEND = YES;
				ENABLE_USER_SCRIPT_SANDBOXING = YES;
				GCC_C_LANGUAGE_STANDARD = gnu17;
				GCC_NO_COMMON_BLOCKS = YES;
				GCC_WARN_64_TO_32_BIT_CONVERSION = YES;
				GCC_WARN_ABOUT_RETURN_TYPE = YES_ERROR;
				GCC_WARN_UNDECLARED_SELECTOR = YES;
				GCC_WARN_UNINITIALIZED_AUTOS = YES_AGGRESSIVE;
				GCC_WARN_UNUSED_FUNCTION = YES;
				GCC_WARN_UNUSED_VARIABLE = YES;
				IPHONEOS_DEPLOYMENT_TARGET = 17.0;
				LOCALIZATION_PREFERS_STRING_CATALOGS = YES;
				MTL_ENABLE_DEBUG_INFO = NO;
				MTL_FAST_MATH = YES;
				SDKROOT = iphoneos;
				SWIFT_COMPILATION_MODE = wholemodule;
				VALIDATE_PRODUCT = YES;
			};
			name = Release;
		};
		B3D3C7E42C97208A005D28E1 /* Debug */ = {
			isa = XCBuildConfiguration;
			buildSettings = {
				ASSETCATALOG_COMPILER_APPICON_NAME = AppIcon;
				ASSETCATALOG_COMPILER_GLOBAL_ACCENT_COLOR_NAME = AccentColor;
				CODE_SIGN_STYLE = Automatic;
				CURRENT_PROJECT_VERSION = 2;
				DEVELOPMENT_ASSET_PATHS = "";
				DEVELOPMENT_TEAM = R38A358N7Z;
				ENABLE_PREVIEWS = YES;
				GENERATE_INFOPLIST_FILE = YES;
				INFOPLIST_KEY_CFBundleDisplayName = Eachday;
				INFOPLIST_KEY_LSApplicationCategoryType = "public.app-category.productivity";
				INFOPLIST_KEY_UIApplicationSceneManifest_Generation = YES;
				INFOPLIST_KEY_UIApplicationSupportsIndirectInputEvents = YES;
				INFOPLIST_KEY_UILaunchScreen_Generation = YES;
				INFOPLIST_KEY_UIStatusBarStyle = "";
				INFOPLIST_KEY_UISupportedInterfaceOrientations = UIInterfaceOrientationPortrait;
				INFOPLIST_KEY_UISupportedInterfaceOrientations_iPad = "UIInterfaceOrientationLandscapeLeft UIInterfaceOrientationLandscapeRight UIInterfaceOrientationPortrait UIInterfaceOrientationPortraitUpsideDown";
				IPHONEOS_DEPLOYMENT_TARGET = 17.0;
				LD_RUNPATH_SEARCH_PATHS = (
					"$(inherited)",
					"@executable_path/Frameworks",
				);
				MARKETING_VERSION = 1.0;
				PRODUCT_BUNDLE_IDENTIFIER = com.scrupulouslabs.eachday;
				PRODUCT_NAME = "$(TARGET_NAME)";
				SUPPORTED_PLATFORMS = "iphoneos iphonesimulator";
				SUPPORTS_MACCATALYST = NO;
				SUPPORTS_MAC_DESIGNED_FOR_IPHONE_IPAD = NO;
				SUPPORTS_XR_DESIGNED_FOR_IPHONE_IPAD = NO;
				SWIFT_EMIT_LOC_STRINGS = YES;
				SWIFT_VERSION = 5.0;
				TARGETED_DEVICE_FAMILY = 1;
			};
			name = Debug;
		};
		B3D3C7E52C97208A005D28E1 /* Release */ = {
			isa = XCBuildConfiguration;
			buildSettings = {
				ASSETCATALOG_COMPILER_APPICON_NAME = AppIcon;
				ASSETCATALOG_COMPILER_GLOBAL_ACCENT_COLOR_NAME = AccentColor;
				CODE_SIGN_STYLE = Automatic;
				CURRENT_PROJECT_VERSION = 2;
				DEVELOPMENT_ASSET_PATHS = "";
				DEVELOPMENT_TEAM = R38A358N7Z;
				ENABLE_PREVIEWS = YES;
				GENERATE_INFOPLIST_FILE = YES;
				INFOPLIST_KEY_CFBundleDisplayName = Eachday;
				INFOPLIST_KEY_LSApplicationCategoryType = "public.app-category.productivity";
				INFOPLIST_KEY_UIApplicationSceneManifest_Generation = YES;
				INFOPLIST_KEY_UIApplicationSupportsIndirectInputEvents = YES;
				INFOPLIST_KEY_UILaunchScreen_Generation = YES;
				INFOPLIST_KEY_UIStatusBarStyle = "";
				INFOPLIST_KEY_UISupportedInterfaceOrientations = UIInterfaceOrientationPortrait;
				INFOPLIST_KEY_UISupportedInterfaceOrientations_iPad = "UIInterfaceOrientationLandscapeLeft UIInterfaceOrientationLandscapeRight UIInterfaceOrientationPortrait UIInterfaceOrientationPortraitUpsideDown";
				IPHONEOS_DEPLOYMENT_TARGET = 17.0;
				LD_RUNPATH_SEARCH_PATHS = (
					"$(inherited)",
					"@executable_path/Frameworks",
				);
				MARKETING_VERSION = 1.0;
				PRODUCT_BUNDLE_IDENTIFIER = com.scrupulouslabs.eachday;
				PRODUCT_NAME = "$(TARGET_NAME)";
				SUPPORTED_PLATFORMS = "iphoneos iphonesimulator";
				SUPPORTS_MACCATALYST = NO;
				SUPPORTS_MAC_DESIGNED_FOR_IPHONE_IPAD = NO;
				SUPPORTS_XR_DESIGNED_FOR_IPHONE_IPAD = NO;
				SWIFT_EMIT_LOC_STRINGS = YES;
				SWIFT_VERSION = 5.0;
				TARGETED_DEVICE_FAMILY = 1;
			};
			name = Release;
		};
/* End XCBuildConfiguration section */

/* Begin XCConfigurationList section */
		B3D3C7D02C972089005D28E1 /* Build configuration list for PBXProject "eachday" */ = {
			isa = XCConfigurationList;
			buildConfigurations = (
				B3D3C7E12C97208A005D28E1 /* Debug */,
				B3D3C7E22C97208A005D28E1 /* Release */,
			);
			defaultConfigurationIsVisible = 0;
			defaultConfigurationName = Release;
		};
		B3D3C7E32C97208A005D28E1 /* Build configuration list for PBXNativeTarget "eachday" */ = {
			isa = XCConfigurationList;
			buildConfigurations = (
				B3D3C7E42C97208A005D28E1 /* Debug */,
				B3D3C7E52C97208A005D28E1 /* Release */,
			);
			defaultConfigurationIsVisible = 0;
			defaultConfigurationName = Release;
		};
/* End XCConfigurationList section */

/* Begin XCRemoteSwiftPackageReference section */
		B3D3C8762C9721B6005D28E1 /* XCRemoteSwiftPackageReference "GRDB.swift" */ = {
			isa = XCRemoteSwiftPackageReference;
			repositoryURL = "https://github.com/groue/GRDB.swift.git";
			requirement = {
				kind = exactVersion;
				version = 6.29.1;
			};
		};
		B3D3C8792C9721CB005D28E1 /* XCRemoteSwiftPackageReference "HorizonCalendar" */ = {
			isa = XCRemoteSwiftPackageReference;
			repositoryURL = "https://github.com/airbnb/HorizonCalendar.git";
			requirement = {
				kind = exactVersion;
				version = 2.0.0;
			};
		};
/* End XCRemoteSwiftPackageReference section */

/* Begin XCSwiftPackageProductDependency section */
		B3D3C8772C9721B6005D28E1 /* GRDB */ = {
			isa = XCSwiftPackageProductDependency;
			package = B3D3C8762C9721B6005D28E1 /* XCRemoteSwiftPackageReference "GRDB.swift" */;
			productName = GRDB;
		};
		B3D3C87A2C9721CB005D28E1 /* HorizonCalendar */ = {
			isa = XCSwiftPackageProductDependency;
			package = B3D3C8792C9721CB005D28E1 /* XCRemoteSwiftPackageReference "HorizonCalendar" */;
			productName = HorizonCalendar;
		};
/* End XCSwiftPackageProductDependency section */
	};
	rootObject = B3D3C7CD2C972089005D28E1 /* Project object */;
}
