{
  "originHash" : "e7807a3de449965d34f5d850b41d044c77f4ab4f5ffc5367d8479310d0d28995",
  "pins" : [
    {
      "identity" : "grdb.swift",
      "kind" : "remoteSourceControl",
      "location" : "https://github.com/groue/GRDB.swift.git",
      "state" : {
        "revision" : "dd6b98ce04eda39aa22f066cd421c24d7236ea8a",
        "version" : "6.29.1"
      }
    },
    {
      "identity" : "horizoncalendar",
      "kind" : "remoteSourceControl",
      "location" : "https://github.com/airbnb/HorizonCalendar.git",
      "state" : {
        "revision" : "a360d71a1255f0b24e378f2ee31a7a7d674a49b6",
        "version" : "2.0.0"
      }
    },
    {
      "identity" : "purchases-ios-spm",
      "kind" : "remoteSourceControl",
      "location" : "https://github.com/RevenueCat/purchases-ios-spm.git",
      "state" : {
        "revision" : "385b5b23b381f45bceed40548ac9ba95ef7107a7",
        "version" : "5.6.0"
      }
    }
  ],
  "version" : 3
}
